
Microsoft Visual Studio Solution File, Format Version 12.00
# Visual Studio Version 17
VisualStudioVersion = 17.9.34728.123
MinimumVisualStudioVersion = 10.0.40219.1
Project("{9A19103F-16F7-4668-BE54-9A1E7A4F7556}") = "Mailtrap.Tests", "MailTrap.Tests\Mailtrap.Tests.csproj", "{81818D8C-568D-4F43-856A-EBFCBE670FEC}"
EndProject
Project("{9A19103F-16F7-4668-BE54-9A1E7A4F7556}") = "DotNETWebApplication", "DotNETWebApplication\DotNETWebApplication.csproj", "{3ECF7AF3-7472-4222-9CAD-F100FD6A6902}"
EndProject
Project("{9A19103F-16F7-4668-BE54-9A1E7A4F7556}") = "Mailtrap.Entities", "Mailtrap.Entities\Mailtrap.Entities.csproj", "{017B20D5-0852-4975-AF3C-B42170D9F617}"
EndProject
Project("{9A19103F-16F7-4668-BE54-9A1E7A4F7556}") = "Mailtrap", "Mailtrap\Mailtrap.csproj", "{F55181ED-3104-4475-B88C-70A7C63A06C3}"
EndProject
Project("{FAE04EC0-301F-11D3-BF4B-00C04F79EFBC}") = "DotNETFrameworkConsoleApp", "DotNETFrameworkConsoleApp\DotNETFrameworkConsoleApp.csproj", "{06A2EB50-82DB-422C-93C1-3E922CE400DF}"
EndProject
Global
	GlobalSection(SolutionConfigurationPlatforms) = preSolution
		Debug|Any CPU = Debug|Any CPU
		Release|Any CPU = Release|Any CPU
	EndGlobalSection
	GlobalSection(ProjectConfigurationPlatforms) = postSolution
		{81818D8C-568D-4F43-856A-EBFCBE670FEC}.Debug|Any CPU.ActiveCfg = Debug|Any CPU
		{81818D8C-568D-4F43-856A-EBFCBE670FEC}.Debug|Any CPU.Build.0 = Debug|Any CPU
		{81818D8C-568D-4F43-856A-EBFCBE670FEC}.Release|Any CPU.ActiveCfg = Release|Any CPU
		{81818D8C-568D-4F43-856A-EBFCBE670FEC}.Release|Any CPU.Build.0 = Release|Any CPU
		{3ECF7AF3-7472-4222-9CAD-F100FD6A6902}.Debug|Any CPU.ActiveCfg = Debug|Any CPU
		{3ECF7AF3-7472-4222-9CAD-F100FD6A6902}.Debug|Any CPU.Build.0 = Debug|Any CPU
		{3ECF7AF3-7472-4222-9CAD-F100FD6A6902}.Release|Any CPU.ActiveCfg = Release|Any CPU
		{3ECF7AF3-7472-4222-9CAD-F100FD6A6902}.Release|Any CPU.Build.0 = Release|Any CPU
		{017B20D5-0852-4975-AF3C-B42170D9F617}.Debug|Any CPU.ActiveCfg = Debug|Any CPU
		{017B20D5-0852-4975-AF3C-B42170D9F617}.Debug|Any CPU.Build.0 = Debug|Any CPU
		{017B20D5-0852-4975-AF3C-B42170D9F617}.Release|Any CPU.ActiveCfg = Release|Any CPU
		{017B20D5-0852-4975-AF3C-B42170D9F617}.Release|Any CPU.Build.0 = Release|Any CPU
		{F55181ED-3104-4475-B88C-70A7C63A06C3}.Debug|Any CPU.ActiveCfg = Debug|Any CPU
		{F55181ED-3104-4475-B88C-70A7C63A06C3}.Debug|Any CPU.Build.0 = Debug|Any CPU
		{F55181ED-3104-4475-B88C-70A7C63A06C3}.Release|Any CPU.ActiveCfg = Release|Any CPU
		{F55181ED-3104-4475-B88C-70A7C63A06C3}.Release|Any CPU.Build.0 = Release|Any CPU
		{06A2EB50-82DB-422C-93C1-3E922CE400DF}.Debug|Any CPU.ActiveCfg = Debug|Any CPU
		{06A2EB50-82DB-422C-93C1-3E922CE400DF}.Debug|Any CPU.Build.0 = Debug|Any CPU
		{06A2EB50-82DB-422C-93C1-3E922CE400DF}.Release|Any CPU.ActiveCfg = Release|Any CPU
		{06A2EB50-82DB-422C-93C1-3E922CE400DF}.Release|Any CPU.Build.0 = Release|Any CPU
	EndGlobalSection
	GlobalSection(SolutionProperties) = preSolution
		HideSolutionNode = FALSE
	EndGlobalSection
	GlobalSection(ExtensibilityGlobals) = postSolution
		SolutionGuid = {527DA70C-CC3F-477E-8758-4395261A49F1}
	EndGlobalSection
EndGlobal
